
Microsoft Visual Studio Solution File, Format Version 12.00
# Visual Studio 2012
Project("{FAE04EC0-301F-11D3-BF4B-00C04F79EFBC}") = "BitrateFilter", "BitrateFilter\BitrateFilter.csproj", "{837F87A6-0FC1-4DE7-AF05-B2B8A59EB40E}"
EndProject
Global
	GlobalSection(SolutionConfigurationPlatforms) = preSolution
		Debug|Any CPU = Debug|Any CPU
		Release|Any CPU = Release|Any CPU
	EndGlobalSection
	GlobalSection(ProjectConfigurationPlatforms) = postSolution
		{837F87A6-0FC1-4DE7-AF05-B2B8A59EB40E}.Debug|Any CPU.ActiveCfg = Debug|Any CPU
		{837F87A6-0FC1-4DE7-AF05-B2B8A59EB40E}.Debug|Any CPU.Build.0 = Debug|Any CPU
		{837F87A6-0FC1-4DE7-AF05-B2B8A59EB40E}.Release|Any CPU.ActiveCfg = Release|Any CPU
		{837F87A6-0FC1-4DE7-AF05-B2B8A59EB40E}.Release|Any CPU.Build.0 = Release|Any CPU
	EndGlobalSection
	GlobalSection(SolutionProperties) = preSolution
		HideSolutionNode = FALSE
	EndGlobalSection
EndGlobal
